// !$*UTF8*$!
{
	archiveVersion = 1;
	classes = {
	};
	objectVersion = 51;
	objects = {

/* Begin PBXBuildFile section */
		204D9A2C85EA0332AFC6F12D /* Pods_messenger.framework in Frameworks */ = {isa = PBXBuildFile; fileRef = C1C281CB1E96BE4575CFE092 /* Pods_messenger.framework */; };
		2724F38326DAB1BC00E79EDB /* AuthViewModel.swift in Sources */ = {isa = PBXBuildFile; fileRef = 2724F38226DAB1BC00E79EDB /* AuthViewModel.swift */; };
		2724F38526DAB59900E79EDB /* LoginView.swift in Sources */ = {isa = PBXBuildFile; fileRef = 2724F38426DAB59900E79EDB /* LoginView.swift */; };
		2724F38726DAB5CE00E79EDB /* HomeView.swift in Sources */ = {isa = PBXBuildFile; fileRef = 2724F38626DAB5CE00E79EDB /* HomeView.swift */; };
		2724F38926DD7ADD00E79EDB /* EmailLoginView.swift in Sources */ = {isa = PBXBuildFile; fileRef = 2724F38826DD7ADD00E79EDB /* EmailLoginView.swift */; };
		274D04C226CEBBE20048C5B1 /* messengerApp.swift in Sources */ = {isa = PBXBuildFile; fileRef = 274D04C126CEBBE20048C5B1 /* messengerApp.swift */; };
		274D04C426CEBBE20048C5B1 /* ContentView.swift in Sources */ = {isa = PBXBuildFile; fileRef = 274D04C326CEBBE20048C5B1 /* ContentView.swift */; };
		274D04C626CEBBEA0048C5B1 /* Assets.xcassets in Resources */ = {isa = PBXBuildFile; fileRef = 274D04C526CEBBEA0048C5B1 /* Assets.xcassets */; };
		274D04C926CEBBEA0048C5B1 /* Preview Assets.xcassets in Resources */ = {isa = PBXBuildFile; fileRef = 274D04C826CEBBEA0048C5B1 /* Preview Assets.xcassets */; };
		275F603526CFD78D00BB3A33 /* GoogleService-Info.plist in Resources */ = {isa = PBXBuildFile; fileRef = 275F603426CFD78D00BB3A33 /* GoogleService-Info.plist */; };
/* End PBXBuildFile section */

/* Begin PBXFileReference section */
		033F2F566A07EBD0D630AC93 /* Pods-messenger.debug.xcconfig */ = {isa = PBXFileReference; includeInIndex = 1; lastKnownFileType = text.xcconfig; name = "Pods-messenger.debug.xcconfig"; path = "Target Support Files/Pods-messenger/Pods-messenger.debug.xcconfig"; sourceTree = "<group>"; };
		2724F38226DAB1BC00E79EDB /* AuthViewModel.swift */ = {isa = PBXFileReference; lastKnownFileType = sourcecode.swift; path = AuthViewModel.swift; sourceTree = "<group>"; };
		2724F38426DAB59900E79EDB /* LoginView.swift */ = {isa = PBXFileReference; lastKnownFileType = sourcecode.swift; path = LoginView.swift; sourceTree = "<group>"; };
		2724F38626DAB5CE00E79EDB /* HomeView.swift */ = {isa = PBXFileReference; lastKnownFileType = sourcecode.swift; path = HomeView.swift; sourceTree = "<group>"; };
		2724F38826DD7ADD00E79EDB /* EmailLoginView.swift */ = {isa = PBXFileReference; lastKnownFileType = sourcecode.swift; path = EmailLoginView.swift; sourceTree = "<group>"; };
		274D04BE26CEBBE20048C5B1 /* messenger.app */ = {isa = PBXFileReference; explicitFileType = wrapper.application; includeInIndex = 0; path = messenger.app; sourceTree = BUILT_PRODUCTS_DIR; };
		274D04C126CEBBE20048C5B1 /* messengerApp.swift */ = {isa = PBXFileReference; lastKnownFileType = sourcecode.swift; path = messengerApp.swift; sourceTree = "<group>"; };
		274D04C326CEBBE20048C5B1 /* ContentView.swift */ = {isa = PBXFileReference; lastKnownFileType = sourcecode.swift; path = ContentView.swift; sourceTree = "<group>"; };
		274D04C526CEBBEA0048C5B1 /* Assets.xcassets */ = {isa = PBXFileReference; lastKnownFileType = folder.assetcatalog; path = Assets.xcassets; sourceTree = "<group>"; };
		274D04C826CEBBEA0048C5B1 /* Preview Assets.xcassets */ = {isa = PBXFileReference; lastKnownFileType = folder.assetcatalog; path = "Preview Assets.xcassets"; sourceTree = "<group>"; };
		274D04CA26CEBBEA0048C5B1 /* Info.plist */ = {isa = PBXFileReference; lastKnownFileType = text.plist.xml; path = Info.plist; sourceTree = "<group>"; };
		275F603426CFD78D00BB3A33 /* GoogleService-Info.plist */ = {isa = PBXFileReference; lastKnownFileType = text.plist.xml; path = "GoogleService-Info.plist"; sourceTree = "<group>"; };
		9DCE807EB1634264FAFB34BF /* Pods-messenger.release.xcconfig */ = {isa = PBXFileReference; includeInIndex = 1; lastKnownFileType = text.xcconfig; name = "Pods-messenger.release.xcconfig"; path = "Target Support Files/Pods-messenger/Pods-messenger.release.xcconfig"; sourceTree = "<group>"; };
		C1C281CB1E96BE4575CFE092 /* Pods_messenger.framework */ = {isa = PBXFileReference; explicitFileType = wrapper.framework; includeInIndex = 0; path = Pods_messenger.framework; sourceTree = BUILT_PRODUCTS_DIR; };
/* End PBXFileReference section */

/* Begin PBXFrameworksBuildPhase section */
		274D04BB26CEBBE20048C5B1 /* Frameworks */ = {
			isa = PBXFrameworksBuildPhase;
			buildActionMask = 2147483647;
			files = (
				204D9A2C85EA0332AFC6F12D /* Pods_messenger.framework in Frameworks */,
			);
			runOnlyForDeploymentPostprocessing = 0;
		};
/* End PBXFrameworksBuildPhase section */

/* Begin PBXGroup section */
		274D04B526CEBBE20048C5B1 = {
			isa = PBXGroup;
			children = (
				274D04C026CEBBE20048C5B1 /* messenger */,
				274D04BF26CEBBE20048C5B1 /* Products */,
				37C11787D7AA6E6CA79ABD62 /* Pods */,
				8F65480E9D3621F83732A069 /* Frameworks */,
			);
			sourceTree = "<group>";
		};
		274D04BF26CEBBE20048C5B1 /* Products */ = {
			isa = PBXGroup;
			children = (
				274D04BE26CEBBE20048C5B1 /* messenger.app */,
			);
			name = Products;
			sourceTree = "<group>";
		};
		274D04C026CEBBE20048C5B1 /* messenger */ = {
			isa = PBXGroup;
			children = (
				274D04C126CEBBE20048C5B1 /* messengerApp.swift */,
				274D04C326CEBBE20048C5B1 /* ContentView.swift */,
				274D04C526CEBBEA0048C5B1 /* Assets.xcassets */,
				274D04CA26CEBBEA0048C5B1 /* Info.plist */,
				274D04C726CEBBEA0048C5B1 /* Preview Content */,
				275F603426CFD78D00BB3A33 /* GoogleService-Info.plist */,
				2724F38226DAB1BC00E79EDB /* AuthViewModel.swift */,
				2724F38426DAB59900E79EDB /* LoginView.swift */,
				2724F38626DAB5CE00E79EDB /* HomeView.swift */,
				2724F38826DD7ADD00E79EDB /* EmailLoginView.swift */,
			);
			path = messenger;
			sourceTree = "<group>";
		};
		274D04C726CEBBEA0048C5B1 /* Preview Content */ = {
			isa = PBXGroup;
			children = (
				274D04C826CEBBEA0048C5B1 /* Preview Assets.xcassets */,
			);
			path = "Preview Content";
			sourceTree = "<group>";
		};
		37C11787D7AA6E6CA79ABD62 /* Pods */ = {
			isa = PBXGroup;
			children = (
				033F2F566A07EBD0D630AC93 /* Pods-messenger.debug.xcconfig */,
				9DCE807EB1634264FAFB34BF /* Pods-messenger.release.xcconfig */,
			);
			path = Pods;
			sourceTree = "<group>";
		};
		8F65480E9D3621F83732A069 /* Frameworks */ = {
			isa = PBXGroup;
			children = (
				C1C281CB1E96BE4575CFE092 /* Pods_messenger.framework */,
			);
			name = Frameworks;
			sourceTree = "<group>";
		};
/* End PBXGroup section */

/* Begin PBXNativeTarget section */
		274D04BD26CEBBE20048C5B1 /* messenger */ = {
			isa = PBXNativeTarget;
			buildConfigurationList = 274D04E326CEBBEB0048C5B1 /* Build configuration list for PBXNativeTarget "messenger" */;
			buildPhases = (
				3954F1625AE0B5D7DABDEB4C /* [CP] Check Pods Manifest.lock */,
				274D04BA26CEBBE20048C5B1 /* Sources */,
				274D04BB26CEBBE20048C5B1 /* Frameworks */,
				274D04BC26CEBBE20048C5B1 /* Resources */,
				89CA1165697D9685113960B5 /* [CP] Embed Pods Frameworks */,
				9502EE15BA12F4194737C696 /* [CP] Copy Pods Resources */,
			);
			buildRules = (
			);
			dependencies = (
			);
			name = messenger;
			productName = messenger;
			productReference = 274D04BE26CEBBE20048C5B1 /* messenger.app */;
			productType = "com.apple.product-type.application";
		};
/* End PBXNativeTarget section */

/* Begin PBXProject section */
		274D04B626CEBBE20048C5B1 /* Project object */ = {
			isa = PBXProject;
			attributes = {
				LastSwiftUpdateCheck = 1250;
				LastUpgradeCheck = 1250;
				TargetAttributes = {
					274D04BD26CEBBE20048C5B1 = {
						CreatedOnToolsVersion = 12.5.1;
					};
				};
			};
			buildConfigurationList = 274D04B926CEBBE20048C5B1 /* Build configuration list for PBXProject "messenger" */;
			compatibilityVersion = "Xcode 9.3";
			developmentRegion = en;
			hasScannedForEncodings = 0;
			knownRegions = (
				en,
				Base,
			);
			mainGroup = 274D04B526CEBBE20048C5B1;
			productRefGroup = 274D04BF26CEBBE20048C5B1 /* Products */;
			projectDirPath = "";
			projectRoot = "";
			targets = (
				274D04BD26CEBBE20048C5B1 /* messenger */,
			);
		};
/* End PBXProject section */

/* Begin PBXResourcesBuildPhase section */
		274D04BC26CEBBE20048C5B1 /* Resources */ = {
			isa = PBXResourcesBuildPhase;
			buildActionMask = 2147483647;
			files = (
				274D04C926CEBBEA0048C5B1 /* Preview Assets.xcassets in Resources */,
				274D04C626CEBBEA0048C5B1 /* Assets.xcassets in Resources */,
				275F603526CFD78D00BB3A33 /* GoogleService-Info.plist in Resources */,
			);
			runOnlyForDeploymentPostprocessing = 0;
		};
/* End PBXResourcesBuildPhase section */

/* Begin PBXShellScriptBuildPhase section */
		3954F1625AE0B5D7DABDEB4C /* [CP] Check Pods Manifest.lock */ = {
			isa = PBXShellScriptBuildPhase;
			buildActionMask = 2147483647;
			files = (
			);
			inputFileListPaths = (
			);
			inputPaths = (
				"${PODS_PODFILE_DIR_PATH}/Podfile.lock",
				"${PODS_ROOT}/Manifest.lock",
			);
			name = "[CP] Check Pods Manifest.lock";
			outputFileListPaths = (
			);
			outputPaths = (
				"$(DERIVED_FILE_DIR)/Pods-messenger-checkManifestLockResult.txt",
			);
			runOnlyForDeploymentPostprocessing = 0;
			shellPath = /bin/sh;
			shellScript = "diff \"${PODS_PODFILE_DIR_PATH}/Podfile.lock\" \"${PODS_ROOT}/Manifest.lock\" > /dev/null\nif [ $? != 0 ] ; then\n    # print error to STDERR\n    echo \"error: The sandbox is not in sync with the Podfile.lock. Run 'pod install' or update your CocoaPods installation.\" >&2\n    exit 1\nfi\n# This output is used by Xcode 'outputs' to avoid re-running this script phase.\necho \"SUCCESS\" > \"${SCRIPT_OUTPUT_FILE_0}\"\n";
			showEnvVarsInLog = 0;
		};
		89CA1165697D9685113960B5 /* [CP] Embed Pods Frameworks */ = {
			isa = PBXShellScriptBuildPhase;
			buildActionMask = 2147483647;
			files = (
			);
			inputFileListPaths = (
				"${PODS_ROOT}/Target Support Files/Pods-messenger/Pods-messenger-frameworks-${CONFIGURATION}-input-files.xcfilelist",
			);
			name = "[CP] Embed Pods Frameworks";
			outputFileListPaths = (
				"${PODS_ROOT}/Target Support Files/Pods-messenger/Pods-messenger-frameworks-${CONFIGURATION}-output-files.xcfilelist",
			);
			runOnlyForDeploymentPostprocessing = 0;
			shellPath = /bin/sh;
			shellScript = "\"${PODS_ROOT}/Target Support Files/Pods-messenger/Pods-messenger-frameworks.sh\"\n";
			showEnvVarsInLog = 0;
		};
		9502EE15BA12F4194737C696 /* [CP] Copy Pods Resources */ = {
			isa = PBXShellScriptBuildPhase;
			buildActionMask = 2147483647;
			files = (
			);
			inputFileListPaths = (
				"${PODS_ROOT}/Target Support Files/Pods-messenger/Pods-messenger-resources-${CONFIGURATION}-input-files.xcfilelist",
			);
			name = "[CP] Copy Pods Resources";
			outputFileListPaths = (
				"${PODS_ROOT}/Target Support Files/Pods-messenger/Pods-messenger-resources-${CONFIGURATION}-output-files.xcfilelist",
			);
			runOnlyForDeploymentPostprocessing = 0;
			shellPath = /bin/sh;
			shellScript = "\"${PODS_ROOT}/Target Support Files/Pods-messenger/Pods-messenger-resources.sh\"\n";
			showEnvVarsInLog = 0;
		};
/* End PBXShellScriptBuildPhase section */

/* Begin PBXSourcesBuildPhase section */
		274D04BA26CEBBE20048C5B1 /* Sources */ = {
			isa = PBXSourcesBuildPhase;
			buildActionMask = 2147483647;
			files = (
				2724F38326DAB1BC00E79EDB /* AuthViewModel.swift in Sources */,
				274D04C426CEBBE20048C5B1 /* ContentView.swift in Sources */,
				2724F38526DAB59900E79EDB /* LoginView.swift in Sources */,
				2724F38926DD7ADD00E79EDB /* EmailLoginView.swift in Sources */,
				2724F38726DAB5CE00E79EDB /* HomeView.swift in Sources */,
				274D04C226CEBBE20048C5B1 /* messengerApp.swift in Sources */,
			);
			runOnlyForDeploymentPostprocessing = 0;
		};
/* End PBXSourcesBuildPhase section */

/* Begin XCBuildConfiguration section */
		274D04E126CEBBEB0048C5B1 /* Debug */ = {
			isa = XCBuildConfiguration;
			buildSettings = {
				ALWAYS_SEARCH_USER_PATHS = NO;
				CLANG_ANALYZER_NONNULL = YES;
				CLANG_ANALYZER_NUMBER_OBJECT_CONVERSION = YES_AGGRESSIVE;
				CLANG_CXX_LANGUAGE_STANDARD = "gnu++14";
				CLANG_CXX_LIBRARY = "libc++";
				CLANG_ENABLE_MODULES = YES;
				CLANG_ENABLE_OBJC_ARC = YES;
				CLANG_ENABLE_OBJC_WEAK = YES;
				CLANG_WARN_BLOCK_CAPTURE_AUTORELEASING = YES;
				CLANG_WARN_BOOL_CONVERSION = YES;
				CLANG_WARN_COMMA = YES;
				CLANG_WARN_CONSTANT_CONVERSION = YES;
				CLANG_WARN_DEPRECATED_OBJC_IMPLEMENTATIONS = YES;
				CLANG_WARN_DIRECT_OBJC_ISA_USAGE = YES_ERROR;
				CLANG_WARN_DOCUMENTATION_COMMENTS = YES;
				CLANG_WARN_EMPTY_BODY = YES;
				CLANG_WARN_ENUM_CONVERSION = YES;
				CLANG_WARN_INFINITE_RECURSION = YES;
				CLANG_WARN_INT_CONVERSION = YES;
				CLANG_WARN_NON_LITERAL_NULL_CONVERSION = YES;
				CLANG_WARN_OBJC_IMPLICIT_RETAIN_SELF = YES;
				CLANG_WARN_OBJC_LITERAL_CONVERSION = YES;
				CLANG_WARN_OBJC_ROOT_CLASS = YES_ERROR;
				CLANG_WARN_QUOTED_INCLUDE_IN_FRAMEWORK_HEADER = YES;
				CLANG_WARN_RANGE_LOOP_ANALYSIS = YES;
				CLANG_WARN_STRICT_PROTOTYPES = YES;
				CLANG_WARN_SUSPICIOUS_MOVE = YES;
				CLANG_WARN_UNGUARDED_AVAILABILITY = YES_AGGRESSIVE;
				CLANG_WARN_UNREACHABLE_CODE = YES;
				CLANG_WARN__DUPLICATE_METHOD_MATCH = YES;
				COPY_PHASE_STRIP = NO;
				DEBUG_INFORMATION_FORMAT = dwarf;
				ENABLE_STRICT_OBJC_MSGSEND = YES;
				ENABLE_TESTABILITY = YES;
				GCC_C_LANGUAGE_STANDARD = gnu11;
				GCC_DYNAMIC_NO_PIC = NO;
				GCC_NO_COMMON_BLOCKS = YES;
				GCC_OPTIMIZATION_LEVEL = 0;
				GCC_PREPROCESSOR_DEFINITIONS = (
					"DEBUG=1",
					"$(inherited)",
				);
				GCC_WARN_64_TO_32_BIT_CONVERSION = YES;
				GCC_WARN_ABOUT_RETURN_TYPE = YES_ERROR;
				GCC_WARN_UNDECLARED_SELECTOR = YES;
				GCC_WARN_UNINITIALIZED_AUTOS = YES_AGGRESSIVE;
				GCC_WARN_UNUSED_FUNCTION = YES;
				GCC_WARN_UNUSED_VARIABLE = YES;
				IPHONEOS_DEPLOYMENT_TARGET = 14.5;
				MTL_ENABLE_DEBUG_INFO = INCLUDE_SOURCE;
				MTL_FAST_MATH = YES;
				ONLY_ACTIVE_ARCH = YES;
				SDKROOT = iphoneos;
				SWIFT_ACTIVE_COMPILATION_CONDITIONS = DEBUG;
				SWIFT_OPTIMIZATION_LEVEL = "-Onone";
			};
			name = Debug;
		};
		274D04E226CEBBEB0048C5B1 /* Release */ = {
			isa = XCBuildConfiguration;
			buildSettings = {
				ALWAYS_SEARCH_USER_PATHS = NO;
				CLANG_ANALYZER_NONNULL = YES;
				CLANG_ANALYZER_NUMBER_OBJECT_CONVERSION = YES_AGGRESSIVE;
				CLANG_CXX_LANGUAGE_STANDARD = "gnu++14";
				CLANG_CXX_LIBRARY = "libc++";
				CLANG_ENABLE_MODULES = YES;
				CLANG_ENABLE_OBJC_ARC = YES;
				CLANG_ENABLE_OBJC_WEAK = YES;
				CLANG_WARN_BLOCK_CAPTURE_AUTORELEASING = YES;
				CLANG_WARN_BOOL_CONVERSION = YES;
				CLANG_WARN_COMMA = YES;
				CLANG_WARN_CONSTANT_CONVERSION = YES;
				CLANG_WARN_DEPRECATED_OBJC_IMPLEMENTATIONS = YES;
				CLANG_WARN_DIRECT_OBJC_ISA_USAGE = YES_ERROR;
				CLANG_WARN_DOCUMENTATION_COMMENTS = YES;
				CLANG_WARN_EMPTY_BODY = YES;
				CLANG_WARN_ENUM_CONVERSION = YES;
				CLANG_WARN_INFINITE_RECURSION = YES;
				CLANG_WARN_INT_CONVERSION = YES;
				CLANG_WARN_NON_LITERAL_NULL_CONVERSION = YES;
				CLANG_WARN_OBJC_IMPLICIT_RETAIN_SELF = YES;
				CLANG_WARN_OBJC_LITERAL_CONVERSION = YES;
				CLANG_WARN_OBJC_ROOT_CLASS = YES_ERROR;
				CLANG_WARN_QUOTED_INCLUDE_IN_FRAMEWORK_HEADER = YES;
				CLANG_WARN_RANGE_LOOP_ANALYSIS = YES;
				CLANG_WARN_STRICT_PROTOTYPES = YES;
				CLANG_WARN_SUSPICIOUS_MOVE = YES;
				CLANG_WARN_UNGUARDED_AVAILABILITY = YES_AGGRESSIVE;
				CLANG_WARN_UNREACHABLE_CODE = YES;
				CLANG_WARN__DUPLICATE_METHOD_MATCH = YES;
				COPY_PHASE_STRIP = NO;
				DEBUG_INFORMATION_FORMAT = "dwarf-with-dsym";
				ENABLE_NS_ASSERTIONS = NO;
				ENABLE_STRICT_OBJC_MSGSEND = YES;
				GCC_C_LANGUAGE_STANDARD = gnu11;
				GCC_NO_COMMON_BLOCKS = YES;
				GCC_WARN_64_TO_32_BIT_CONVERSION = YES;
				GCC_WARN_ABOUT_RETURN_TYPE = YES_ERROR;
				GCC_WARN_UNDECLARED_SELECTOR = YES;
				GCC_WARN_UNINITIALIZED_AUTOS = YES_AGGRESSIVE;
				GCC_WARN_UNUSED_FUNCTION = YES;
				GCC_WARN_UNUSED_VARIABLE = YES;
				IPHONEOS_DEPLOYMENT_TARGET = 14.5;
				MTL_ENABLE_DEBUG_INFO = NO;
				MTL_FAST_MATH = YES;
				SDKROOT = iphoneos;
				SWIFT_COMPILATION_MODE = wholemodule;
				SWIFT_OPTIMIZATION_LEVEL = "-O";
				VALIDATE_PRODUCT = YES;
			};
			name = Release;
		};
		274D04E426CEBBEB0048C5B1 /* Debug */ = {
			isa = XCBuildConfiguration;
			baseConfigurationReference = 033F2F566A07EBD0D630AC93 /* Pods-messenger.debug.xcconfig */;
			buildSettings = {
				ASSETCATALOG_COMPILER_APPICON_NAME = AppIcon;
				ASSETCATALOG_COMPILER_GLOBAL_ACCENT_COLOR_NAME = AccentColor;
				CODE_SIGN_STYLE = Automatic;
				DEVELOPMENT_ASSET_PATHS = "\"messenger/Preview Content\"";
				ENABLE_PREVIEWS = YES;
				INFOPLIST_FILE = messenger/Info.plist;
				IPHONEOS_DEPLOYMENT_TARGET = 14.0;
				LD_RUNPATH_SEARCH_PATHS = (
					"$(inherited)",
					"@executable_path/Frameworks",
				);
				PRODUCT_BUNDLE_IDENTIFIER = com.github.michaljaz.messenger;
				PRODUCT_NAME = "$(TARGET_NAME)";
				SWIFT_VERSION = 5.0;
				TARGETED_DEVICE_FAMILY = "1,2";
			};
			name = Debug;
		};
		274D04E526CEBBEB0048C5B1 /* Release */ = {
			isa = XCBuildConfiguration;
			baseConfigurationReference = 9DCE807EB1634264FAFB34BF /* Pods-messenger.release.xcconfig */;
			buildSettings = {
				ASSETCATALOG_COMPILER_APPICON_NAME = AppIcon;
				ASSETCATALOG_COMPILER_GLOBAL_ACCENT_COLOR_NAME = AccentColor;
				CODE_SIGN_STYLE = Automatic;
				DEVELOPMENT_ASSET_PATHS = "\"messenger/Preview Content\"";
				ENABLE_PREVIEWS = YES;
				INFOPLIST_FILE = messenger/Info.plist;
				IPHONEOS_DEPLOYMENT_TARGET = 14.0;
				LD_RUNPATH_SEARCH_PATHS = (
					"$(inherited)",
					"@executable_path/Frameworks",
				);
				PRODUCT_BUNDLE_IDENTIFIER = com.github.michaljaz.messenger;
				PRODUCT_NAME = "$(TARGET_NAME)";
				SWIFT_VERSION = 5.0;
				TARGETED_DEVICE_FAMILY = "1,2";
			};
			name = Release;
		};
/* End XCBuildConfiguration section */

/* Begin XCConfigurationList section */
		274D04B926CEBBE20048C5B1 /* Build configuration list for PBXProject "messenger" */ = {
			isa = XCConfigurationList;
			buildConfigurations = (
				274D04E126CEBBEB0048C5B1 /* Debug */,
				274D04E226CEBBEB0048C5B1 /* Release */,
			);
			defaultConfigurationIsVisible = 0;
			defaultConfigurationName = Release;
		};
		274D04E326CEBBEB0048C5B1 /* Build configuration list for PBXNativeTarget "messenger" */ = {
			isa = XCConfigurationList;
			buildConfigurations = (
				274D04E426CEBBEB0048C5B1 /* Debug */,
				274D04E526CEBBEB0048C5B1 /* Release */,
			);
			defaultConfigurationIsVisible = 0;
			defaultConfigurationName = Release;
		};
/* End XCConfigurationList section */
	};
	rootObject = 274D04B626CEBBE20048C5B1 /* Project object */;
}
